
Microsoft Visual Studio Solution File, Format Version 12.00
# Visual Studio Version 17
VisualStudioVersion = 17.6.33723.286
MinimumVisualStudioVersion = 10.0.40219.1
Project("{2150E333-8FDC-42A3-9474-1A3956D46DE8}") = "Services", "Services", "{6FC76194-FAC5-43B8-B310-A0BDE2FA0B10}"
EndProject
Project("{2150E333-8FDC-42A3-9474-1A3956D46DE8}") = "Catalog", "Catalog", "{B91BCC9F-F4EB-47AA-AF7F-BF6BEE670F44}"
EndProject
Project("{9A19103F-16F7-4668-BE54-9A1E7A4F7556}") = "SalesMS.Services.Catalog.CatalogApi", "Services\Catalog\SalesMS.Services.Catalog.CatalogApi\SalesMS.Services.Catalog.CatalogApi.csproj", "{DC5952E1-8B0F-490B-A367-FC4ABB02EC40}"
EndProject
Project("{2150E333-8FDC-42A3-9474-1A3956D46DE8}") = "Solution Items", "Solution Items", "{1932A622-C873-4661-83C1-2418CB5D329B}"
	ProjectSection(SolutionItems) = preProject
		Ports.txt = Ports.txt
	EndProjectSection
EndProject
Project("{2150E333-8FDC-42A3-9474-1A3956D46DE8}") = "Shared", "Shared", "{329D723F-1167-4C3E-91A3-3E02B401E918}"
EndProject
Project("{9A19103F-16F7-4668-BE54-9A1E7A4F7556}") = "SalesMS.Shared.SharedClass", "Shared\SalesMS.Shared.SharedClass\SalesMS.Shared.SharedClass.csproj", "{EEFEA85B-AD8B-46FC-8A0A-DF8118CD0F81}"
EndProject
Project("{2150E333-8FDC-42A3-9474-1A3956D46DE8}") = "AuthService", "AuthService", "{C0A4CF85-9B01-46B7-A843-3A0CD162DFC1}"
EndProject
Project("{9A19103F-16F7-4668-BE54-9A1E7A4F7556}") = "SalesMS.AuthService.AuthApi", "AuthService\SalesMS.AuthService.AuthApi\SalesMS.AuthService.AuthApi.csproj", "{37BF3176-D7FD-4F50-A1FD-824FCF2C77A1}"
EndProject
Project("{2150E333-8FDC-42A3-9474-1A3956D46DE8}") = "PhotoStock", "PhotoStock", "{26A33424-755F-40CA-AFBD-9DFA806C0E3B}"
EndProject
Project("{FAE04EC0-301F-11D3-BF4B-00C04F79EFBC}") = "SalesMS.Services.PhotoStock.PhotoStockApi", "Services\PhotoStock\SalesMS.Services.PhotoStock.PhotoStockApi\SalesMS.Services.PhotoStock.PhotoStockApi.csproj", "{E3631AF0-320C-4B09-B1B2-743E683752BC}"
EndProject
Project("{2150E333-8FDC-42A3-9474-1A3956D46DE8}") = "Basket", "Basket", "{7408B58A-FFBE-4404-ACD9-9EC98E56CF5A}"
EndProject
Project("{FAE04EC0-301F-11D3-BF4B-00C04F79EFBC}") = "SalesMS.Services.Basket.BasketApi", "Services\Basket\SalesMS.Services.Basket.BasketApi\SalesMS.Services.Basket.BasketApi.csproj", "{97DB9764-0DF6-434B-9A04-3A3B35872E6D}"
EndProject
Project("{2150E333-8FDC-42A3-9474-1A3956D46DE8}") = "Discount", "Discount", "{960795C2-67D1-4F3C-B1D6-728C4B0AB261}"
EndProject
Project("{FAE04EC0-301F-11D3-BF4B-00C04F79EFBC}") = "SalesMS.Services.Discount.DiscountApi", "Services\Discount\SalesMS.Services.Discount.DiscountApi\SalesMS.Services.Discount.DiscountApi.csproj", "{9C001ADB-151D-4B39-BEF1-DCEFDC921350}"
EndProject
Global
	GlobalSection(SolutionConfigurationPlatforms) = preSolution
		Debug|Any CPU = Debug|Any CPU
		Release|Any CPU = Release|Any CPU
	EndGlobalSection
	GlobalSection(ProjectConfigurationPlatforms) = postSolution
		{DC5952E1-8B0F-490B-A367-FC4ABB02EC40}.Debug|Any CPU.ActiveCfg = Debug|Any CPU
		{DC5952E1-8B0F-490B-A367-FC4ABB02EC40}.Debug|Any CPU.Build.0 = Debug|Any CPU
		{DC5952E1-8B0F-490B-A367-FC4ABB02EC40}.Release|Any CPU.ActiveCfg = Release|Any CPU
		{DC5952E1-8B0F-490B-A367-FC4ABB02EC40}.Release|Any CPU.Build.0 = Release|Any CPU
		{EEFEA85B-AD8B-46FC-8A0A-DF8118CD0F81}.Debug|Any CPU.ActiveCfg = Debug|Any CPU
		{EEFEA85B-AD8B-46FC-8A0A-DF8118CD0F81}.Debug|Any CPU.Build.0 = Debug|Any CPU
		{EEFEA85B-AD8B-46FC-8A0A-DF8118CD0F81}.Release|Any CPU.ActiveCfg = Release|Any CPU
		{EEFEA85B-AD8B-46FC-8A0A-DF8118CD0F81}.Release|Any CPU.Build.0 = Release|Any CPU
		{37BF3176-D7FD-4F50-A1FD-824FCF2C77A1}.Debug|Any CPU.ActiveCfg = Debug|Any CPU
		{37BF3176-D7FD-4F50-A1FD-824FCF2C77A1}.Debug|Any CPU.Build.0 = Debug|Any CPU
		{37BF3176-D7FD-4F50-A1FD-824FCF2C77A1}.Release|Any CPU.ActiveCfg = Release|Any CPU
		{37BF3176-D7FD-4F50-A1FD-824FCF2C77A1}.Release|Any CPU.Build.0 = Release|Any CPU
		{E3631AF0-320C-4B09-B1B2-743E683752BC}.Debug|Any CPU.ActiveCfg = Debug|Any CPU
		{E3631AF0-320C-4B09-B1B2-743E683752BC}.Debug|Any CPU.Build.0 = Debug|Any CPU
		{E3631AF0-320C-4B09-B1B2-743E683752BC}.Release|Any CPU.ActiveCfg = Release|Any CPU
		{E3631AF0-320C-4B09-B1B2-743E683752BC}.Release|Any CPU.Build.0 = Release|Any CPU
		{97DB9764-0DF6-434B-9A04-3A3B35872E6D}.Debug|Any CPU.ActiveCfg = Debug|Any CPU
		{97DB9764-0DF6-434B-9A04-3A3B35872E6D}.Debug|Any CPU.Build.0 = Debug|Any CPU
		{97DB9764-0DF6-434B-9A04-3A3B35872E6D}.Release|Any CPU.ActiveCfg = Release|Any CPU
		{97DB9764-0DF6-434B-9A04-3A3B35872E6D}.Release|Any CPU.Build.0 = Release|Any CPU
		{9C001ADB-151D-4B39-BEF1-DCEFDC921350}.Debug|Any CPU.ActiveCfg = Debug|Any CPU
		{9C001ADB-151D-4B39-BEF1-DCEFDC921350}.Debug|Any CPU.Build.0 = Debug|Any CPU
		{9C001ADB-151D-4B39-BEF1-DCEFDC921350}.Release|Any CPU.ActiveCfg = Release|Any CPU
		{9C001ADB-151D-4B39-BEF1-DCEFDC921350}.Release|Any CPU.Build.0 = Release|Any CPU
	EndGlobalSection
	GlobalSection(SolutionProperties) = preSolution
		HideSolutionNode = FALSE
	EndGlobalSection
	GlobalSection(NestedProjects) = preSolution
		{B91BCC9F-F4EB-47AA-AF7F-BF6BEE670F44} = {6FC76194-FAC5-43B8-B310-A0BDE2FA0B10}
		{DC5952E1-8B0F-490B-A367-FC4ABB02EC40} = {B91BCC9F-F4EB-47AA-AF7F-BF6BEE670F44}
		{EEFEA85B-AD8B-46FC-8A0A-DF8118CD0F81} = {329D723F-1167-4C3E-91A3-3E02B401E918}
		{37BF3176-D7FD-4F50-A1FD-824FCF2C77A1} = {C0A4CF85-9B01-46B7-A843-3A0CD162DFC1}
		{26A33424-755F-40CA-AFBD-9DFA806C0E3B} = {6FC76194-FAC5-43B8-B310-A0BDE2FA0B10}
		{E3631AF0-320C-4B09-B1B2-743E683752BC} = {26A33424-755F-40CA-AFBD-9DFA806C0E3B}
		{7408B58A-FFBE-4404-ACD9-9EC98E56CF5A} = {6FC76194-FAC5-43B8-B310-A0BDE2FA0B10}
		{97DB9764-0DF6-434B-9A04-3A3B35872E6D} = {7408B58A-FFBE-4404-ACD9-9EC98E56CF5A}
		{960795C2-67D1-4F3C-B1D6-728C4B0AB261} = {6FC76194-FAC5-43B8-B310-A0BDE2FA0B10}
		{9C001ADB-151D-4B39-BEF1-DCEFDC921350} = {960795C2-67D1-4F3C-B1D6-728C4B0AB261}
	EndGlobalSection
	GlobalSection(ExtensibilityGlobals) = postSolution
		SolutionGuid = {311791B1-03BD-423B-84C7-6CBA73B69322}
	EndGlobalSection
EndGlobal
